
Microsoft Visual Studio Solution File, Format Version 12.00
# Visual Studio Version 16
VisualStudioVersion = 16.0.32228.343
MinimumVisualStudioVersion = 10.0.40219.1
Project("{9A19103F-16F7-4668-BE54-9A1E7A4F7556}") = "MiCalculadora", "WinFormsApp1\MiCalculadora.csproj", "{3D10C02E-6110-4BCD-BBA9-A14C2B4F90D9}"
EndProject
Project("{FAE04EC0-301F-11D3-BF4B-00C04F79EFBC}") = "Entidades", "Entidades\Entidades.csproj", "{B1A248F7-D376-49E3-AA49-2C8C4513A77C}"
EndProject
Global
	GlobalSection(SolutionConfigurationPlatforms) = preSolution
		Debug|Any CPU = Debug|Any CPU
		Release|Any CPU = Release|Any CPU
	EndGlobalSection
	GlobalSection(ProjectConfigurationPlatforms) = postSolution
		{3D10C02E-6110-4BCD-BBA9-A14C2B4F90D9}.Debug|Any CPU.ActiveCfg = Debug|Any CPU
		{3D10C02E-6110-4BCD-BBA9-A14C2B4F90D9}.Debug|Any CPU.Build.0 = Debug|Any CPU
		{3D10C02E-6110-4BCD-BBA9-A14C2B4F90D9}.Release|Any CPU.ActiveCfg = Release|Any CPU
		{3D10C02E-6110-4BCD-BBA9-A14C2B4F90D9}.Release|Any CPU.Build.0 = Release|Any CPU
		{B1A248F7-D376-49E3-AA49-2C8C4513A77C}.Debug|Any CPU.ActiveCfg = Debug|Any CPU
		{B1A248F7-D376-49E3-AA49-2C8C4513A77C}.Debug|Any CPU.Build.0 = Debug|Any CPU
		{B1A248F7-D376-49E3-AA49-2C8C4513A77C}.Release|Any CPU.ActiveCfg = Release|Any CPU
		{B1A248F7-D376-49E3-AA49-2C8C4513A77C}.Release|Any CPU.Build.0 = Release|Any CPU
	EndGlobalSection
	GlobalSection(SolutionProperties) = preSolution
		HideSolutionNode = FALSE
	EndGlobalSection
	GlobalSection(ExtensibilityGlobals) = postSolution
		SolutionGuid = {78BB2CDC-FE60-4FA9-9C4A-53FAEF475DE1}
	EndGlobalSection
EndGlobal
